
Microsoft Visual Studio Solution File, Format Version 12.00
# Visual Studio Version 17
VisualStudioVersion = 17.4.33213.308
MinimumVisualStudioVersion = 10.0.40219.1
Project("{9A19103F-16F7-4668-BE54-9A1E7A4F7556}") = "UpSchool.Wasm", "src\UpSchool.Wasm\UpSchool.Wasm.csproj", "{576814E4-B42C-4EB3-9FE9-1F18E5946488}"
EndProject
Project("{9A19103F-16F7-4668-BE54-9A1E7A4F7556}") = "UpSchool.Domain", "src\UpSchool.Domain\UpSchool.Domain.csproj", "{7677BA7B-3711-4CD4-B659-A4D7EFCFB85D}"
EndProject
Project("{9A19103F-16F7-4668-BE54-9A1E7A4F7556}") = "UpSchool.Console", "src\UpSchool.Console\UpSchool.Console.csproj", "{BA128C69-EC64-4E56-8099-33E71445F58B}"
EndProject
Project("{9A19103F-16F7-4668-BE54-9A1E7A4F7556}") = "LuckySister.Console", "src\LuckySister.Console\LuckySister.Console.csproj", "{C444423D-50B6-4C32-9E14-AAB5EC180297}"
EndProject
Project("{9A19103F-16F7-4668-BE54-9A1E7A4F7556}") = "UpSchool.WebApi", "UpSchool.WebApi\UpSchool.WebApi.csproj", "{95E93B0B-1AEF-4383-A731-60DF2F43936F}"
EndProject
Global
	GlobalSection(SolutionConfigurationPlatforms) = preSolution
		Debug|Any CPU = Debug|Any CPU
		Release|Any CPU = Release|Any CPU
	EndGlobalSection
	GlobalSection(ProjectConfigurationPlatforms) = postSolution
		{576814E4-B42C-4EB3-9FE9-1F18E5946488}.Debug|Any CPU.ActiveCfg = Debug|Any CPU
		{576814E4-B42C-4EB3-9FE9-1F18E5946488}.Debug|Any CPU.Build.0 = Debug|Any CPU
		{576814E4-B42C-4EB3-9FE9-1F18E5946488}.Release|Any CPU.ActiveCfg = Release|Any CPU
		{576814E4-B42C-4EB3-9FE9-1F18E5946488}.Release|Any CPU.Build.0 = Release|Any CPU
		{7677BA7B-3711-4CD4-B659-A4D7EFCFB85D}.Debug|Any CPU.ActiveCfg = Debug|Any CPU
		{7677BA7B-3711-4CD4-B659-A4D7EFCFB85D}.Debug|Any CPU.Build.0 = Debug|Any CPU
		{7677BA7B-3711-4CD4-B659-A4D7EFCFB85D}.Release|Any CPU.ActiveCfg = Release|Any CPU
		{7677BA7B-3711-4CD4-B659-A4D7EFCFB85D}.Release|Any CPU.Build.0 = Release|Any CPU
		{BA128C69-EC64-4E56-8099-33E71445F58B}.Debug|Any CPU.ActiveCfg = Debug|Any CPU
		{BA128C69-EC64-4E56-8099-33E71445F58B}.Debug|Any CPU.Build.0 = Debug|Any CPU
		{BA128C69-EC64-4E56-8099-33E71445F58B}.Release|Any CPU.ActiveCfg = Release|Any CPU
		{BA128C69-EC64-4E56-8099-33E71445F58B}.Release|Any CPU.Build.0 = Release|Any CPU
		{C444423D-50B6-4C32-9E14-AAB5EC180297}.Debug|Any CPU.ActiveCfg = Debug|Any CPU
		{C444423D-50B6-4C32-9E14-AAB5EC180297}.Debug|Any CPU.Build.0 = Debug|Any CPU
		{C444423D-50B6-4C32-9E14-AAB5EC180297}.Release|Any CPU.ActiveCfg = Release|Any CPU
		{C444423D-50B6-4C32-9E14-AAB5EC180297}.Release|Any CPU.Build.0 = Release|Any CPU
		{95E93B0B-1AEF-4383-A731-60DF2F43936F}.Debug|Any CPU.ActiveCfg = Debug|Any CPU
		{95E93B0B-1AEF-4383-A731-60DF2F43936F}.Debug|Any CPU.Build.0 = Debug|Any CPU
		{95E93B0B-1AEF-4383-A731-60DF2F43936F}.Release|Any CPU.ActiveCfg = Release|Any CPU
		{95E93B0B-1AEF-4383-A731-60DF2F43936F}.Release|Any CPU.Build.0 = Release|Any CPU
	EndGlobalSection
	GlobalSection(SolutionProperties) = preSolution
		HideSolutionNode = FALSE
	EndGlobalSection
	GlobalSection(ExtensibilityGlobals) = postSolution
		SolutionGuid = {2014F114-7C8A-4A2E-8141-AA6629D4F9EB}
	EndGlobalSection
EndGlobal
